
Microsoft Visual Studio Solution File, Format Version 12.00
# Visual Studio Version 17
VisualStudioVersion = 17.5.002.0
MinimumVisualStudioVersion = 10.0.40219.1
Project("{9A19103F-16F7-4668-BE54-9A1E7A4F7556}") = "backend", "backend.csproj", "{C043A276-FB26-4BEA-9799-F05F2506540F}"
EndProject
Global
	GlobalSection(SolutionConfigurationPlatforms) = preSolution
		Debug|Any CPU = Debug|Any CPU
		Release|Any CPU = Release|Any CPU
	EndGlobalSection
	GlobalSection(ProjectConfigurationPlatforms) = postSolution
		{C043A276-FB26-4BEA-9799-F05F2506540F}.Debug|Any CPU.ActiveCfg = Debug|Any CPU
		{C043A276-FB26-4BEA-9799-F05F2506540F}.Debug|Any CPU.Build.0 = Debug|Any CPU
		{C043A276-FB26-4BEA-9799-F05F2506540F}.Release|Any CPU.ActiveCfg = Release|Any CPU
		{C043A276-FB26-4BEA-9799-F05F2506540F}.Release|Any CPU.Build.0 = Release|Any CPU
	EndGlobalSection
	GlobalSection(SolutionProperties) = preSolution
		HideSolutionNode = FALSE
	EndGlobalSection
	GlobalSection(ExtensibilityGlobals) = postSolution
		SolutionGuid = {70E88B2B-F7F0-40B8-AAB3-3541E49469AA}
	EndGlobalSection
EndGlobal
